// !$*UTF8*$!
{
	archiveVersion = 1;
	classes = {
	};
	objectVersion = 56;
	objects = {

/* Begin PBXBuildFile section */
		D028584C2C743DDB009D73D4 /* PictionaryApp.swift in Sources */ = {isa = PBXBuildFile; fileRef = D028584B2C743DDB009D73D4 /* PictionaryApp.swift */; };
		D02858502C743DDC009D73D4 /* Assets.xcassets in Resources */ = {isa = PBXBuildFile; fileRef = D028584F2C743DDC009D73D4 /* Assets.xcassets */; };
		D02858532C743DDC009D73D4 /* Preview Assets.xcassets in Resources */ = {isa = PBXBuildFile; fileRef = D02858522C743DDC009D73D4 /* Preview Assets.xcassets */; };
		D02858682C743EE1009D73D4 /* GameService.swift in Sources */ = {isa = PBXBuildFile; fileRef = D02858672C743EE1009D73D4 /* GameService.swift */; };
		D028586A2C743F72009D73D4 /* NameView.swift in Sources */ = {isa = PBXBuildFile; fileRef = D02858692C743F72009D73D4 /* NameView.swift */; };
		D028586C2C74410B009D73D4 /* StartView.swift in Sources */ = {isa = PBXBuildFile; fileRef = D028586B2C74410B009D73D4 /* StartView.swift */; };
		D02858702C7445B7009D73D4 /* MPPeersView.swift in Sources */ = {isa = PBXBuildFile; fileRef = D028586F2C7445B7009D73D4 /* MPPeersView.swift */; };
		D02858722C744945009D73D4 /* GameView.swift in Sources */ = {isa = PBXBuildFile; fileRef = D02858712C744945009D73D4 /* GameView.swift */; };
		D02858742C74700A009D73D4 /* GameOverView.swift in Sources */ = {isa = PBXBuildFile; fileRef = D02858732C74700A009D73D4 /* GameOverView.swift */; };
		D02858772C7472ED009D73D4 /* Data.swift in Sources */ = {isa = PBXBuildFile; fileRef = D02858762C7472ED009D73D4 /* Data.swift */; };
		D08C552E2C758D5E003DF99F /* DrawingView.swift in Sources */ = {isa = PBXBuildFile; fileRef = D08C552D2C758D5E003DF99F /* DrawingView.swift */; };
		D08C55302C759C83003DF99F /* TransData.swift in Sources */ = {isa = PBXBuildFile; fileRef = D08C552F2C759C83003DF99F /* TransData.swift */; };
		D08C55322C759E3A003DF99F /* GuessData.swift in Sources */ = {isa = PBXBuildFile; fileRef = D08C55312C759E3A003DF99F /* GuessData.swift */; };
		D08C55342C759E4B003DF99F /* Player.swift in Sources */ = {isa = PBXBuildFile; fileRef = D08C55332C759E4B003DF99F /* Player.swift */; };
		D08C55372C78825D003DF99F /* MPConnectingManager.swift in Sources */ = {isa = PBXBuildFile; fileRef = D08C55362C78825D003DF99F /* MPConnectingManager.swift */; };
		D08C553A2C788295003DF99F /* MPCSessionDelegate.swift in Sources */ = {isa = PBXBuildFile; fileRef = D08C55392C788295003DF99F /* MPCSessionDelegate.swift */; };
		D08C553C2C7882AD003DF99F /* MPCNearbyServiceBrowserDelegate.swift in Sources */ = {isa = PBXBuildFile; fileRef = D08C553B2C7882AD003DF99F /* MPCNearbyServiceBrowserDelegate.swift */; };
		D08C553E2C7882C6003DF99F /* MPCNearbyServiceAdvertiserDelegate.swift in Sources */ = {isa = PBXBuildFile; fileRef = D08C553D2C7882C6003DF99F /* MPCNearbyServiceAdvertiserDelegate.swift */; };
		D08C55402C788B5E003DF99F /* DrawData.swift in Sources */ = {isa = PBXBuildFile; fileRef = D08C553F2C788B5E003DF99F /* DrawData.swift */; };
/* End PBXBuildFile section */

/* Begin PBXFileReference section */
		D02858482C743DDB009D73D4 /* Pictionary.app */ = {isa = PBXFileReference; explicitFileType = wrapper.application; includeInIndex = 0; path = Pictionary.app; sourceTree = BUILT_PRODUCTS_DIR; };
		D028584B2C743DDB009D73D4 /* PictionaryApp.swift */ = {isa = PBXFileReference; lastKnownFileType = sourcecode.swift; path = PictionaryApp.swift; sourceTree = "<group>"; };
		D028584F2C743DDC009D73D4 /* Assets.xcassets */ = {isa = PBXFileReference; lastKnownFileType = folder.assetcatalog; path = Assets.xcassets; sourceTree = "<group>"; };
		D02858522C743DDC009D73D4 /* Preview Assets.xcassets */ = {isa = PBXFileReference; lastKnownFileType = folder.assetcatalog; path = "Preview Assets.xcassets"; sourceTree = "<group>"; };
		D02858592C743E12009D73D4 /* Info.plist */ = {isa = PBXFileReference; lastKnownFileType = text.plist; path = Info.plist; sourceTree = "<group>"; };
		D02858672C743EE1009D73D4 /* GameService.swift */ = {isa = PBXFileReference; lastKnownFileType = sourcecode.swift; path = GameService.swift; sourceTree = "<group>"; };
		D02858692C743F72009D73D4 /* NameView.swift */ = {isa = PBXFileReference; lastKnownFileType = sourcecode.swift; path = NameView.swift; sourceTree = "<group>"; };
		D028586B2C74410B009D73D4 /* StartView.swift */ = {isa = PBXFileReference; lastKnownFileType = sourcecode.swift; path = StartView.swift; sourceTree = "<group>"; };
		D028586F2C7445B7009D73D4 /* MPPeersView.swift */ = {isa = PBXFileReference; lastKnownFileType = sourcecode.swift; path = MPPeersView.swift; sourceTree = "<group>"; };
		D02858712C744945009D73D4 /* GameView.swift */ = {isa = PBXFileReference; lastKnownFileType = sourcecode.swift; path = GameView.swift; sourceTree = "<group>"; };
		D02858732C74700A009D73D4 /* GameOverView.swift */ = {isa = PBXFileReference; lastKnownFileType = sourcecode.swift; path = GameOverView.swift; sourceTree = "<group>"; };
		D02858762C7472ED009D73D4 /* Data.swift */ = {isa = PBXFileReference; lastKnownFileType = sourcecode.swift; path = Data.swift; sourceTree = "<group>"; };
		D08C552D2C758D5E003DF99F /* DrawingView.swift */ = {isa = PBXFileReference; lastKnownFileType = sourcecode.swift; path = DrawingView.swift; sourceTree = "<group>"; };
		D08C552F2C759C83003DF99F /* TransData.swift */ = {isa = PBXFileReference; lastKnownFileType = sourcecode.swift; path = TransData.swift; sourceTree = "<group>"; };
		D08C55312C759E3A003DF99F /* GuessData.swift */ = {isa = PBXFileReference; lastKnownFileType = sourcecode.swift; path = GuessData.swift; sourceTree = "<group>"; };
		D08C55332C759E4B003DF99F /* Player.swift */ = {isa = PBXFileReference; lastKnownFileType = sourcecode.swift; path = Player.swift; sourceTree = "<group>"; };
		D08C55362C78825D003DF99F /* MPConnectingManager.swift */ = {isa = PBXFileReference; lastKnownFileType = sourcecode.swift; path = MPConnectingManager.swift; sourceTree = "<group>"; };
		D08C55392C788295003DF99F /* MPCSessionDelegate.swift */ = {isa = PBXFileReference; lastKnownFileType = sourcecode.swift; path = MPCSessionDelegate.swift; sourceTree = "<group>"; };
		D08C553B2C7882AD003DF99F /* MPCNearbyServiceBrowserDelegate.swift */ = {isa = PBXFileReference; lastKnownFileType = sourcecode.swift; path = MPCNearbyServiceBrowserDelegate.swift; sourceTree = "<group>"; };
		D08C553D2C7882C6003DF99F /* MPCNearbyServiceAdvertiserDelegate.swift */ = {isa = PBXFileReference; lastKnownFileType = sourcecode.swift; path = MPCNearbyServiceAdvertiserDelegate.swift; sourceTree = "<group>"; };
		D08C553F2C788B5E003DF99F /* DrawData.swift */ = {isa = PBXFileReference; lastKnownFileType = sourcecode.swift; path = DrawData.swift; sourceTree = "<group>"; };
/* End PBXFileReference section */

/* Begin PBXFrameworksBuildPhase section */
		D02858452C743DDB009D73D4 /* Frameworks */ = {
			isa = PBXFrameworksBuildPhase;
			buildActionMask = 2147483647;
			files = (
			);
			runOnlyForDeploymentPostprocessing = 0;
		};
/* End PBXFrameworksBuildPhase section */

/* Begin PBXGroup section */
		D028583F2C743DDB009D73D4 = {
			isa = PBXGroup;
			children = (
				D028584A2C743DDB009D73D4 /* Pictionary */,
				D02858492C743DDB009D73D4 /* Products */,
			);
			sourceTree = "<group>";
		};
		D02858492C743DDB009D73D4 /* Products */ = {
			isa = PBXGroup;
			children = (
				D02858482C743DDB009D73D4 /* Pictionary.app */,
			);
			name = Products;
			sourceTree = "<group>";
		};
		D028584A2C743DDB009D73D4 /* Pictionary */ = {
			isa = PBXGroup;
			children = (
				D02858592C743E12009D73D4 /* Info.plist */,
				D02858662C743EC0009D73D4 /* View */,
				D028585A2C743E54009D73D4 /* Model */,
				D02858752C7472E1009D73D4 /* Data */,
				D028584B2C743DDB009D73D4 /* PictionaryApp.swift */,
				D028584F2C743DDC009D73D4 /* Assets.xcassets */,
				D02858512C743DDC009D73D4 /* Preview Content */,
			);
			path = Pictionary;
			sourceTree = "<group>";
		};
		D02858512C743DDC009D73D4 /* Preview Content */ = {
			isa = PBXGroup;
			children = (
				D02858522C743DDC009D73D4 /* Preview Assets.xcassets */,
			);
			path = "Preview Content";
			sourceTree = "<group>";
		};
		D028585A2C743E54009D73D4 /* Model */ = {
			isa = PBXGroup;
			children = (
				D02858672C743EE1009D73D4 /* GameService.swift */,
				D08C552F2C759C83003DF99F /* TransData.swift */,
				D08C55312C759E3A003DF99F /* GuessData.swift */,
				D08C55332C759E4B003DF99F /* Player.swift */,
				D08C553F2C788B5E003DF99F /* DrawData.swift */,
				D08C55352C788217003DF99F /* MultipeerConnectivity */,
			);
			path = Model;
			sourceTree = "<group>";
		};
		D02858662C743EC0009D73D4 /* View */ = {
			isa = PBXGroup;
			children = (
				D02858692C743F72009D73D4 /* NameView.swift */,
				D028586B2C74410B009D73D4 /* StartView.swift */,
				D028586F2C7445B7009D73D4 /* MPPeersView.swift */,
				D02858712C744945009D73D4 /* GameView.swift */,
				D02858732C74700A009D73D4 /* GameOverView.swift */,
				D08C552D2C758D5E003DF99F /* DrawingView.swift */,
			);
			path = View;
			sourceTree = "<group>";
		};
		D02858752C7472E1009D73D4 /* Data */ = {
			isa = PBXGroup;
			children = (
				D02858762C7472ED009D73D4 /* Data.swift */,
			);
			path = Data;
			sourceTree = "<group>";
		};
		D08C55352C788217003DF99F /* MultipeerConnectivity */ = {
			isa = PBXGroup;
			children = (
				D08C55362C78825D003DF99F /* MPConnectingManager.swift */,
				D08C55382C788279003DF99F /* Extension */,
			);
			path = MultipeerConnectivity;
			sourceTree = "<group>";
		};
		D08C55382C788279003DF99F /* Extension */ = {
			isa = PBXGroup;
			children = (
				D08C55392C788295003DF99F /* MPCSessionDelegate.swift */,
				D08C553B2C7882AD003DF99F /* MPCNearbyServiceBrowserDelegate.swift */,
				D08C553D2C7882C6003DF99F /* MPCNearbyServiceAdvertiserDelegate.swift */,
			);
			path = Extension;
			sourceTree = "<group>";
		};
/* End PBXGroup section */

/* Begin PBXNativeTarget section */
		D02858472C743DDB009D73D4 /* Pictionary */ = {
			isa = PBXNativeTarget;
			buildConfigurationList = D02858562C743DDC009D73D4 /* Build configuration list for PBXNativeTarget "Pictionary" */;
			buildPhases = (
				D02858442C743DDB009D73D4 /* Sources */,
				D02858452C743DDB009D73D4 /* Frameworks */,
				D02858462C743DDB009D73D4 /* Resources */,
			);
			buildRules = (
			);
			dependencies = (
			);
			name = Pictionary;
			productName = Pictionary;
			productReference = D02858482C743DDB009D73D4 /* Pictionary.app */;
			productType = "com.apple.product-type.application";
		};
/* End PBXNativeTarget section */

/* Begin PBXProject section */
		D02858402C743DDB009D73D4 /* Project object */ = {
			isa = PBXProject;
			attributes = {
				BuildIndependentTargetsInParallel = 1;
				LastSwiftUpdateCheck = 1540;
				LastUpgradeCheck = 1540;
				TargetAttributes = {
					D02858472C743DDB009D73D4 = {
						CreatedOnToolsVersion = 15.4;
					};
				};
			};
			buildConfigurationList = D02858432C743DDB009D73D4 /* Build configuration list for PBXProject "Pictionary" */;
			compatibilityVersion = "Xcode 14.0";
			developmentRegion = en;
			hasScannedForEncodings = 0;
			knownRegions = (
				en,
				Base,
			);
			mainGroup = D028583F2C743DDB009D73D4;
			productRefGroup = D02858492C743DDB009D73D4 /* Products */;
			projectDirPath = "";
			projectRoot = "";
			targets = (
				D02858472C743DDB009D73D4 /* Pictionary */,
			);
		};
/* End PBXProject section */

/* Begin PBXResourcesBuildPhase section */
		D02858462C743DDB009D73D4 /* Resources */ = {
			isa = PBXResourcesBuildPhase;
			buildActionMask = 2147483647;
			files = (
				D02858532C743DDC009D73D4 /* Preview Assets.xcassets in Resources */,
				D02858502C743DDC009D73D4 /* Assets.xcassets in Resources */,
			);
			runOnlyForDeploymentPostprocessing = 0;
		};
/* End PBXResourcesBuildPhase section */

/* Begin PBXSourcesBuildPhase section */
		D02858442C743DDB009D73D4 /* Sources */ = {
			isa = PBXSourcesBuildPhase;
			buildActionMask = 2147483647;
			files = (
				D08C55302C759C83003DF99F /* TransData.swift in Sources */,
				D028586C2C74410B009D73D4 /* StartView.swift in Sources */,
				D02858742C74700A009D73D4 /* GameOverView.swift in Sources */,
				D08C55372C78825D003DF99F /* MPConnectingManager.swift in Sources */,
				D08C552E2C758D5E003DF99F /* DrawingView.swift in Sources */,
				D08C55342C759E4B003DF99F /* Player.swift in Sources */,
				D02858682C743EE1009D73D4 /* GameService.swift in Sources */,
				D02858722C744945009D73D4 /* GameView.swift in Sources */,
				D02858772C7472ED009D73D4 /* Data.swift in Sources */,
				D08C55402C788B5E003DF99F /* DrawData.swift in Sources */,
				D08C553E2C7882C6003DF99F /* MPCNearbyServiceAdvertiserDelegate.swift in Sources */,
				D08C553C2C7882AD003DF99F /* MPCNearbyServiceBrowserDelegate.swift in Sources */,
				D028586A2C743F72009D73D4 /* NameView.swift in Sources */,
				D08C553A2C788295003DF99F /* MPCSessionDelegate.swift in Sources */,
				D08C55322C759E3A003DF99F /* GuessData.swift in Sources */,
				D028584C2C743DDB009D73D4 /* PictionaryApp.swift in Sources */,
				D02858702C7445B7009D73D4 /* MPPeersView.swift in Sources */,
			);
			runOnlyForDeploymentPostprocessing = 0;
		};
/* End PBXSourcesBuildPhase section */

/* Begin XCBuildConfiguration section */
		D02858542C743DDC009D73D4 /* Debug */ = {
			isa = XCBuildConfiguration;
			buildSettings = {
				ALWAYS_SEARCH_USER_PATHS = NO;
				ASSETCATALOG_COMPILER_GENERATE_SWIFT_ASSET_SYMBOL_EXTENSIONS = YES;
				CLANG_ANALYZER_NONNULL = YES;
				CLANG_ANALYZER_NUMBER_OBJECT_CONVERSION = YES_AGGRESSIVE;
				CLANG_CXX_LANGUAGE_STANDARD = "gnu++20";
				CLANG_ENABLE_MODULES = YES;
				CLANG_ENABLE_OBJC_ARC = YES;
				CLANG_ENABLE_OBJC_WEAK = YES;
				CLANG_WARN_BLOCK_CAPTURE_AUTORELEASING = YES;
				CLANG_WARN_BOOL_CONVERSION = YES;
				CLANG_WARN_COMMA = YES;
				CLANG_WARN_CONSTANT_CONVERSION = YES;
				CLANG_WARN_DEPRECATED_OBJC_IMPLEMENTATIONS = YES;
				CLANG_WARN_DIRECT_OBJC_ISA_USAGE = YES_ERROR;
				CLANG_WARN_DOCUMENTATION_COMMENTS = YES;
				CLANG_WARN_EMPTY_BODY = YES;
				CLANG_WARN_ENUM_CONVERSION = YES;
				CLANG_WARN_INFINITE_RECURSION = YES;
				CLANG_WARN_INT_CONVERSION = YES;
				CLANG_WARN_NON_LITERAL_NULL_CONVERSION = YES;
				CLANG_WARN_OBJC_IMPLICIT_RETAIN_SELF = YES;
				CLANG_WARN_OBJC_LITERAL_CONVERSION = YES;
				CLANG_WARN_OBJC_ROOT_CLASS = YES_ERROR;
				CLANG_WARN_QUOTED_INCLUDE_IN_FRAMEWORK_HEADER = YES;
				CLANG_WARN_RANGE_LOOP_ANALYSIS = YES;
				CLANG_WARN_STRICT_PROTOTYPES = YES;
				CLANG_WARN_SUSPICIOUS_MOVE = YES;
				CLANG_WARN_UNGUARDED_AVAILABILITY = YES_AGGRESSIVE;
				CLANG_WARN_UNREACHABLE_CODE = YES;
				CLANG_WARN__DUPLICATE_METHOD_MATCH = YES;
				COPY_PHASE_STRIP = NO;
				DEBUG_INFORMATION_FORMAT = dwarf;
				ENABLE_STRICT_OBJC_MSGSEND = YES;
				ENABLE_TESTABILITY = YES;
				ENABLE_USER_SCRIPT_SANDBOXING = YES;
				GCC_C_LANGUAGE_STANDARD = gnu17;
				GCC_DYNAMIC_NO_PIC = NO;
				GCC_NO_COMMON_BLOCKS = YES;
				GCC_OPTIMIZATION_LEVEL = 0;
				GCC_PREPROCESSOR_DEFINITIONS = (
					"DEBUG=1",
					"$(inherited)",
				);
				GCC_WARN_64_TO_32_BIT_CONVERSION = YES;
				GCC_WARN_ABOUT_RETURN_TYPE = YES_ERROR;
				GCC_WARN_UNDECLARED_SELECTOR = YES;
				GCC_WARN_UNINITIALIZED_AUTOS = YES_AGGRESSIVE;
				GCC_WARN_UNUSED_FUNCTION = YES;
				GCC_WARN_UNUSED_VARIABLE = YES;
				IPHONEOS_DEPLOYMENT_TARGET = 17.1;
				LOCALIZATION_PREFERS_STRING_CATALOGS = YES;
				MTL_ENABLE_DEBUG_INFO = INCLUDE_SOURCE;
				MTL_FAST_MATH = YES;
				ONLY_ACTIVE_ARCH = YES;
				SDKROOT = iphoneos;
				SWIFT_ACTIVE_COMPILATION_CONDITIONS = "DEBUG $(inherited)";
				SWIFT_OPTIMIZATION_LEVEL = "-Onone";
			};
			name = Debug;
		};
		D02858552C743DDC009D73D4 /* Release */ = {
			isa = XCBuildConfiguration;
			buildSettings = {
				ALWAYS_SEARCH_USER_PATHS = NO;
				ASSETCATALOG_COMPILER_GENERATE_SWIFT_ASSET_SYMBOL_EXTENSIONS = YES;
				CLANG_ANALYZER_NONNULL = YES;
				CLANG_ANALYZER_NUMBER_OBJECT_CONVERSION = YES_AGGRESSIVE;
				CLANG_CXX_LANGUAGE_STANDARD = "gnu++20";
				CLANG_ENABLE_MODULES = YES;
				CLANG_ENABLE_OBJC_ARC = YES;
				CLANG_ENABLE_OBJC_WEAK = YES;
				CLANG_WARN_BLOCK_CAPTURE_AUTORELEASING = YES;
				CLANG_WARN_BOOL_CONVERSION = YES;
				CLANG_WARN_COMMA = YES;
				CLANG_WARN_CONSTANT_CONVERSION = YES;
				CLANG_WARN_DEPRECATED_OBJC_IMPLEMENTATIONS = YES;
				CLANG_WARN_DIRECT_OBJC_ISA_USAGE = YES_ERROR;
				CLANG_WARN_DOCUMENTATION_COMMENTS = YES;
				CLANG_WARN_EMPTY_BODY = YES;
				CLANG_WARN_ENUM_CONVERSION = YES;
				CLANG_WARN_INFINITE_RECURSION = YES;
				CLANG_WARN_INT_CONVERSION = YES;
				CLANG_WARN_NON_LITERAL_NULL_CONVERSION = YES;
				CLANG_WARN_OBJC_IMPLICIT_RETAIN_SELF = YES;
				CLANG_WARN_OBJC_LITERAL_CONVERSION = YES;
				CLANG_WARN_OBJC_ROOT_CLASS = YES_ERROR;
				CLANG_WARN_QUOTED_INCLUDE_IN_FRAMEWORK_HEADER = YES;
				CLANG_WARN_RANGE_LOOP_ANALYSIS = YES;
				CLANG_WARN_STRICT_PROTOTYPES = YES;
				CLANG_WARN_SUSPICIOUS_MOVE = YES;
				CLANG_WARN_UNGUARDED_AVAILABILITY = YES_AGGRESSIVE;
				CLANG_WARN_UNREACHABLE_CODE = YES;
				CLANG_WARN__DUPLICATE_METHOD_MATCH = YES;
				COPY_PHASE_STRIP = NO;
				DEBUG_INFORMATION_FORMAT = "dwarf-with-dsym";
				ENABLE_NS_ASSERTIONS = NO;
				ENABLE_STRICT_OBJC_MSGSEND = YES;
				ENABLE_USER_SCRIPT_SANDBOXING = YES;
				GCC_C_LANGUAGE_STANDARD = gnu17;
				GCC_NO_COMMON_BLOCKS = YES;
				GCC_WARN_64_TO_32_BIT_CONVERSION = YES;
				GCC_WARN_ABOUT_RETURN_TYPE = YES_ERROR;
				GCC_WARN_UNDECLARED_SELECTOR = YES;
				GCC_WARN_UNINITIALIZED_AUTOS = YES_AGGRESSIVE;
				GCC_WARN_UNUSED_FUNCTION = YES;
				GCC_WARN_UNUSED_VARIABLE = YES;
				IPHONEOS_DEPLOYMENT_TARGET = 17.1;
				LOCALIZATION_PREFERS_STRING_CATALOGS = YES;
				MTL_ENABLE_DEBUG_INFO = NO;
				MTL_FAST_MATH = YES;
				SDKROOT = iphoneos;
				SWIFT_COMPILATION_MODE = wholemodule;
				VALIDATE_PRODUCT = YES;
			};
			name = Release;
		};
		D02858572C743DDC009D73D4 /* Debug */ = {
			isa = XCBuildConfiguration;
			buildSettings = {
				ASSETCATALOG_COMPILER_APPICON_NAME = AppIcon;
				ASSETCATALOG_COMPILER_GLOBAL_ACCENT_COLOR_NAME = AccentColor;
				CODE_SIGN_STYLE = Automatic;
				CURRENT_PROJECT_VERSION = 1;
				DEVELOPMENT_ASSET_PATHS = "\"Pictionary/Preview Content\"";
				DEVELOPMENT_TEAM = F2X8LZ547C;
				ENABLE_PREVIEWS = YES;
				GENERATE_INFOPLIST_FILE = YES;
				INFOPLIST_FILE = Pictionary/Info.plist;
				INFOPLIST_KEY_NSLocalNetworkUsageDescription = "This app uses the local network to connect with players around you.";
				INFOPLIST_KEY_UIApplicationSceneManifest_Generation = YES;
				INFOPLIST_KEY_UIApplicationSupportsIndirectInputEvents = YES;
				INFOPLIST_KEY_UILaunchScreen_Generation = YES;
				INFOPLIST_KEY_UISupportedInterfaceOrientations_iPad = "UIInterfaceOrientationPortrait UIInterfaceOrientationPortraitUpsideDown UIInterfaceOrientationLandscapeLeft UIInterfaceOrientationLandscapeRight";
				INFOPLIST_KEY_UISupportedInterfaceOrientations_iPhone = "UIInterfaceOrientationPortrait UIInterfaceOrientationLandscapeLeft UIInterfaceOrientationLandscapeRight";
				LD_RUNPATH_SEARCH_PATHS = (
					"$(inherited)",
					"@executable_path/Frameworks",
				);
				MARKETING_VERSION = 1.0;
				PRODUCT_BUNDLE_IDENTIFIER = Polin.Pictionary;
				PRODUCT_NAME = "$(TARGET_NAME)";
				SWIFT_EMIT_LOC_STRINGS = YES;
				SWIFT_VERSION = 5.0;
				TARGETED_DEVICE_FAMILY = "1,2";
			};
			name = Debug;
		};
		D02858582C743DDC009D73D4 /* Release */ = {
			isa = XCBuildConfiguration;
			buildSettings = {
				ASSETCATALOG_COMPILER_APPICON_NAME = AppIcon;
				ASSETCATALOG_COMPILER_GLOBAL_ACCENT_COLOR_NAME = AccentColor;
				CODE_SIGN_STYLE = Automatic;
				CURRENT_PROJECT_VERSION = 1;
				DEVELOPMENT_ASSET_PATHS = "\"Pictionary/Preview Content\"";
				DEVELOPMENT_TEAM = F2X8LZ547C;
				ENABLE_PREVIEWS = YES;
				GENERATE_INFOPLIST_FILE = YES;
				INFOPLIST_FILE = Pictionary/Info.plist;
				INFOPLIST_KEY_NSLocalNetworkUsageDescription = "This app uses the local network to connect with players around you.";
				INFOPLIST_KEY_UIApplicationSceneManifest_Generation = YES;
				INFOPLIST_KEY_UIApplicationSupportsIndirectInputEvents = YES;
				INFOPLIST_KEY_UILaunchScreen_Generation = YES;
				INFOPLIST_KEY_UISupportedInterfaceOrientations_iPad = "UIInterfaceOrientationPortrait UIInterfaceOrientationPortraitUpsideDown UIInterfaceOrientationLandscapeLeft UIInterfaceOrientationLandscapeRight";
				INFOPLIST_KEY_UISupportedInterfaceOrientations_iPhone = "UIInterfaceOrientationPortrait UIInterfaceOrientationLandscapeLeft UIInterfaceOrientationLandscapeRight";
				LD_RUNPATH_SEARCH_PATHS = (
					"$(inherited)",
					"@executable_path/Frameworks",
				);
				MARKETING_VERSION = 1.0;
				PRODUCT_BUNDLE_IDENTIFIER = Polin.Pictionary;
				PRODUCT_NAME = "$(TARGET_NAME)";
				SWIFT_EMIT_LOC_STRINGS = YES;
				SWIFT_VERSION = 5.0;
				TARGETED_DEVICE_FAMILY = "1,2";
			};
			name = Release;
		};
/* End XCBuildConfiguration section */

/* Begin XCConfigurationList section */
		D02858432C743DDB009D73D4 /* Build configuration list for PBXProject "Pictionary" */ = {
			isa = XCConfigurationList;
			buildConfigurations = (
				D02858542C743DDC009D73D4 /* Debug */,
				D02858552C743DDC009D73D4 /* Release */,
			);
			defaultConfigurationIsVisible = 0;
			defaultConfigurationName = Release;
		};
		D02858562C743DDC009D73D4 /* Build configuration list for PBXNativeTarget "Pictionary" */ = {
			isa = XCConfigurationList;
			buildConfigurations = (
				D02858572C743DDC009D73D4 /* Debug */,
				D02858582C743DDC009D73D4 /* Release */,
			);
			defaultConfigurationIsVisible = 0;
			defaultConfigurationName = Release;
		};
/* End XCConfigurationList section */
	};
	rootObject = D02858402C743DDB009D73D4 /* Project object */;
}
